
Microsoft Visual Studio Solution File, Format Version 12.00
# Visual Studio Version 17
VisualStudioVersion = 17.11.35327.3
MinimumVisualStudioVersion = 10.0.40219.1
Project("{9A19103F-16F7-4668-BE54-9A1E7A4F7556}") = "Electronics_Shop_17", "Electronics_Shop_17.csproj", "{3208A863-5DCE-4F68-81DC-57988A3C6ACB}"
EndProject
Project("{FAE04EC0-301F-11D3-BF4B-00C04F79EFBC}") = "Electronics_Shop_17.Services", "..\Electronics_Shop_17.Services\Electronics_Shop_17.Services.csproj", "{C6707B95-3F45-4AD3-A485-56C890761D9D}"
EndProject
Project("{FAE04EC0-301F-11D3-BF4B-00C04F79EFBC}") = "Electronics_Shop_17.Model", "..\Electronics_Shop_17.Model\Electronics_Shop_17.Model.csproj", "{A83497A5-3BE3-420E-805D-893BE5589421}"
EndProject
Global
	GlobalSection(SolutionConfigurationPlatforms) = preSolution
		Debug|Any CPU = Debug|Any CPU
		Release|Any CPU = Release|Any CPU
	EndGlobalSection
	GlobalSection(ProjectConfigurationPlatforms) = postSolution
		{3208A863-5DCE-4F68-81DC-57988A3C6ACB}.Debug|Any CPU.ActiveCfg = Debug|Any CPU
		{3208A863-5DCE-4F68-81DC-57988A3C6ACB}.Debug|Any CPU.Build.0 = Debug|Any CPU
		{3208A863-5DCE-4F68-81DC-57988A3C6ACB}.Release|Any CPU.ActiveCfg = Release|Any CPU
		{3208A863-5DCE-4F68-81DC-57988A3C6ACB}.Release|Any CPU.Build.0 = Release|Any CPU
		{C6707B95-3F45-4AD3-A485-56C890761D9D}.Debug|Any CPU.ActiveCfg = Debug|Any CPU
		{C6707B95-3F45-4AD3-A485-56C890761D9D}.Debug|Any CPU.Build.0 = Debug|Any CPU
		{C6707B95-3F45-4AD3-A485-56C890761D9D}.Release|Any CPU.ActiveCfg = Release|Any CPU
		{C6707B95-3F45-4AD3-A485-56C890761D9D}.Release|Any CPU.Build.0 = Release|Any CPU
		{A83497A5-3BE3-420E-805D-893BE5589421}.Debug|Any CPU.ActiveCfg = Debug|Any CPU
		{A83497A5-3BE3-420E-805D-893BE5589421}.Debug|Any CPU.Build.0 = Debug|Any CPU
		{A83497A5-3BE3-420E-805D-893BE5589421}.Release|Any CPU.ActiveCfg = Release|Any CPU
		{A83497A5-3BE3-420E-805D-893BE5589421}.Release|Any CPU.Build.0 = Release|Any CPU
	EndGlobalSection
	GlobalSection(SolutionProperties) = preSolution
		HideSolutionNode = FALSE
	EndGlobalSection
	GlobalSection(ExtensibilityGlobals) = postSolution
		SolutionGuid = {CF527F54-AD3E-49E4-B9A3-9E18593965D0}
	EndGlobalSection
EndGlobal
